// !$*UTF8*$!
{
	archiveVersion = 1;
	classes = {
	};
	objectVersion = 56;
	objects = {

/* Begin PBXBuildFile section */
		A64FB59D2A7FF57800C5113A /* Category.swift in Sources */ = {isa = PBXBuildFile; fileRef = A64FB59C2A7FF57800C5113A /* Category.swift */; };
		A64FB59F2A7FFA0D00C5113A /* Product.swift in Sources */ = {isa = PBXBuildFile; fileRef = A64FB59E2A7FFA0D00C5113A /* Product.swift */; };
		A64FB5A22A7FFAF500C5113A /* BestSellingViewCell.swift in Sources */ = {isa = PBXBuildFile; fileRef = A64FB5A02A7FFAF500C5113A /* BestSellingViewCell.swift */; };
		A64FB5A32A7FFAF500C5113A /* BestSellingViewCell.xib in Resources */ = {isa = PBXBuildFile; fileRef = A64FB5A12A7FFAF500C5113A /* BestSellingViewCell.xib */; };
		A64FB5A62A8034F400C5113A /* ImageViewExtensions.swift in Sources */ = {isa = PBXBuildFile; fileRef = A64FB5A52A8034F400C5113A /* ImageViewExtensions.swift */; };
		A65F52972A7E577200EC2680 /* SignUpViewController.swift in Sources */ = {isa = PBXBuildFile; fileRef = A65F52962A7E577200EC2680 /* SignUpViewController.swift */; };
		A65F52992A7EC68F00EC2680 /* AccountVerificationViewController.swift in Sources */ = {isa = PBXBuildFile; fileRef = A65F52982A7EC68F00EC2680 /* AccountVerificationViewController.swift */; };
		A65F529B2A7EC9BF00EC2680 /* HomeViewController.swift in Sources */ = {isa = PBXBuildFile; fileRef = A65F529A2A7EC9BF00EC2680 /* HomeViewController.swift */; };
		A65F529D2A7EDEBB00EC2680 /* Main.storyboard in Resources */ = {isa = PBXBuildFile; fileRef = A65F529C2A7EDEBB00EC2680 /* Main.storyboard */; };
		A65F52A02A7EFBE400EC2680 /* CategoryViewCell.swift in Sources */ = {isa = PBXBuildFile; fileRef = A65F529E2A7EFBE400EC2680 /* CategoryViewCell.swift */; };
		A65F52A12A7EFBE400EC2680 /* CategoryViewCell.xib in Resources */ = {isa = PBXBuildFile; fileRef = A65F529F2A7EFBE400EC2680 /* CategoryViewCell.xib */; };
		A6AB330E2A7D8D6300E0D3D1 /* AppDelegate.swift in Sources */ = {isa = PBXBuildFile; fileRef = A6AB330D2A7D8D6300E0D3D1 /* AppDelegate.swift */; };
		A6AB33102A7D8D6300E0D3D1 /* SceneDelegate.swift in Sources */ = {isa = PBXBuildFile; fileRef = A6AB330F2A7D8D6300E0D3D1 /* SceneDelegate.swift */; };
		A6AB33152A7D8D6300E0D3D1 /* Auth.storyboard in Resources */ = {isa = PBXBuildFile; fileRef = A6AB33132A7D8D6300E0D3D1 /* Auth.storyboard */; };
		A6AB33172A7D8D6500E0D3D1 /* Assets.xcassets in Resources */ = {isa = PBXBuildFile; fileRef = A6AB33162A7D8D6500E0D3D1 /* Assets.xcassets */; };
		A6AB331A2A7D8D6500E0D3D1 /* LaunchScreen.storyboard in Resources */ = {isa = PBXBuildFile; fileRef = A6AB33182A7D8D6500E0D3D1 /* LaunchScreen.storyboard */; };
		A6AB33252A7D918E00E0D3D1 /* SignInViewController.swift in Sources */ = {isa = PBXBuildFile; fileRef = A6AB33242A7D918E00E0D3D1 /* SignInViewController.swift */; };
		A6D59CCE2A80794000D8C25B /* CategoryViewController.swift in Sources */ = {isa = PBXBuildFile; fileRef = A6D59CCD2A80794000D8C25B /* CategoryViewController.swift */; };
/* End PBXBuildFile section */

/* Begin PBXFileReference section */
		A64FB59C2A7FF57800C5113A /* Category.swift */ = {isa = PBXFileReference; lastKnownFileType = sourcecode.swift; path = Category.swift; sourceTree = "<group>"; };
		A64FB59E2A7FFA0D00C5113A /* Product.swift */ = {isa = PBXFileReference; lastKnownFileType = sourcecode.swift; path = Product.swift; sourceTree = "<group>"; };
		A64FB5A02A7FFAF500C5113A /* BestSellingViewCell.swift */ = {isa = PBXFileReference; lastKnownFileType = sourcecode.swift; path = BestSellingViewCell.swift; sourceTree = "<group>"; };
		A64FB5A12A7FFAF500C5113A /* BestSellingViewCell.xib */ = {isa = PBXFileReference; lastKnownFileType = file.xib; path = BestSellingViewCell.xib; sourceTree = "<group>"; };
		A64FB5A52A8034F400C5113A /* ImageViewExtensions.swift */ = {isa = PBXFileReference; lastKnownFileType = sourcecode.swift; path = ImageViewExtensions.swift; sourceTree = "<group>"; };
		A65F52962A7E577200EC2680 /* SignUpViewController.swift */ = {isa = PBXFileReference; lastKnownFileType = sourcecode.swift; path = SignUpViewController.swift; sourceTree = "<group>"; };
		A65F52982A7EC68F00EC2680 /* AccountVerificationViewController.swift */ = {isa = PBXFileReference; lastKnownFileType = sourcecode.swift; path = AccountVerificationViewController.swift; sourceTree = "<group>"; };
		A65F529A2A7EC9BF00EC2680 /* HomeViewController.swift */ = {isa = PBXFileReference; lastKnownFileType = sourcecode.swift; path = HomeViewController.swift; sourceTree = "<group>"; };
		A65F529C2A7EDEBB00EC2680 /* Main.storyboard */ = {isa = PBXFileReference; lastKnownFileType = file.storyboard; path = Main.storyboard; sourceTree = "<group>"; };
		A65F529E2A7EFBE400EC2680 /* CategoryViewCell.swift */ = {isa = PBXFileReference; lastKnownFileType = sourcecode.swift; path = CategoryViewCell.swift; sourceTree = "<group>"; };
		A65F529F2A7EFBE400EC2680 /* CategoryViewCell.xib */ = {isa = PBXFileReference; lastKnownFileType = file.xib; path = CategoryViewCell.xib; sourceTree = "<group>"; };
		A6AB330A2A7D8D6300E0D3D1 /* iStore.app */ = {isa = PBXFileReference; explicitFileType = wrapper.application; includeInIndex = 0; path = iStore.app; sourceTree = BUILT_PRODUCTS_DIR; };
		A6AB330D2A7D8D6300E0D3D1 /* AppDelegate.swift */ = {isa = PBXFileReference; lastKnownFileType = sourcecode.swift; path = AppDelegate.swift; sourceTree = "<group>"; };
		A6AB330F2A7D8D6300E0D3D1 /* SceneDelegate.swift */ = {isa = PBXFileReference; lastKnownFileType = sourcecode.swift; path = SceneDelegate.swift; sourceTree = "<group>"; };
		A6AB33142A7D8D6300E0D3D1 /* Base */ = {isa = PBXFileReference; lastKnownFileType = file.storyboard; name = Base; path = Base.lproj/Auth.storyboard; sourceTree = "<group>"; };
		A6AB33162A7D8D6500E0D3D1 /* Assets.xcassets */ = {isa = PBXFileReference; lastKnownFileType = folder.assetcatalog; path = Assets.xcassets; sourceTree = "<group>"; };
		A6AB33192A7D8D6500E0D3D1 /* Base */ = {isa = PBXFileReference; lastKnownFileType = file.storyboard; name = Base; path = Base.lproj/LaunchScreen.storyboard; sourceTree = "<group>"; };
		A6AB331B2A7D8D6500E0D3D1 /* Info.plist */ = {isa = PBXFileReference; lastKnownFileType = text.plist.xml; path = Info.plist; sourceTree = "<group>"; };
		A6AB33242A7D918E00E0D3D1 /* SignInViewController.swift */ = {isa = PBXFileReference; lastKnownFileType = sourcecode.swift; path = SignInViewController.swift; sourceTree = "<group>"; };
		A6D59CCD2A80794000D8C25B /* CategoryViewController.swift */ = {isa = PBXFileReference; lastKnownFileType = sourcecode.swift; path = CategoryViewController.swift; sourceTree = "<group>"; };
/* End PBXFileReference section */

/* Begin PBXFrameworksBuildPhase section */
		A6AB33072A7D8D6300E0D3D1 /* Frameworks */ = {
			isa = PBXFrameworksBuildPhase;
			buildActionMask = 2147483647;
			files = (
			);
			runOnlyForDeploymentPostprocessing = 0;
		};
/* End PBXFrameworksBuildPhase section */

/* Begin PBXGroup section */
		A64FB5A42A8034E300C5113A /* Extensions */ = {
			isa = PBXGroup;
			children = (
				A64FB5A52A8034F400C5113A /* ImageViewExtensions.swift */,
			);
			path = Extensions;
			sourceTree = "<group>";
		};
		A6AB33012A7D8D6300E0D3D1 = {
			isa = PBXGroup;
			children = (
				A6AB330C2A7D8D6300E0D3D1 /* iStore */,
				A6AB330B2A7D8D6300E0D3D1 /* Products */,
			);
			sourceTree = "<group>";
		};
		A6AB330B2A7D8D6300E0D3D1 /* Products */ = {
			isa = PBXGroup;
			children = (
				A6AB330A2A7D8D6300E0D3D1 /* iStore.app */,
			);
			name = Products;
			sourceTree = "<group>";
		};
		A6AB330C2A7D8D6300E0D3D1 /* iStore */ = {
			isa = PBXGroup;
			children = (
				A64FB5A42A8034E300C5113A /* Extensions */,
				A6AB33232A7D8EF800E0D3D1 /* Controllers */,
				A6AB33222A7D8EF100E0D3D1 /* Views */,
				A6AB33212A7D8EEA00E0D3D1 /* Models */,
				A6AB330D2A7D8D6300E0D3D1 /* AppDelegate.swift */,
				A6AB330F2A7D8D6300E0D3D1 /* SceneDelegate.swift */,
				A6AB33162A7D8D6500E0D3D1 /* Assets.xcassets */,
				A6AB33182A7D8D6500E0D3D1 /* LaunchScreen.storyboard */,
				A6AB331B2A7D8D6500E0D3D1 /* Info.plist */,
			);
			path = iStore;
			sourceTree = "<group>";
		};
		A6AB33212A7D8EEA00E0D3D1 /* Models */ = {
			isa = PBXGroup;
			children = (
				A64FB59C2A7FF57800C5113A /* Category.swift */,
				A64FB59E2A7FFA0D00C5113A /* Product.swift */,
			);
			path = Models;
			sourceTree = "<group>";
		};
		A6AB33222A7D8EF100E0D3D1 /* Views */ = {
			isa = PBXGroup;
			children = (
				A6AB33132A7D8D6300E0D3D1 /* Auth.storyboard */,
				A65F529C2A7EDEBB00EC2680 /* Main.storyboard */,
				A65F529E2A7EFBE400EC2680 /* CategoryViewCell.swift */,
				A65F529F2A7EFBE400EC2680 /* CategoryViewCell.xib */,
				A64FB5A02A7FFAF500C5113A /* BestSellingViewCell.swift */,
				A64FB5A12A7FFAF500C5113A /* BestSellingViewCell.xib */,
			);
			path = Views;
			sourceTree = "<group>";
		};
		A6AB33232A7D8EF800E0D3D1 /* Controllers */ = {
			isa = PBXGroup;
			children = (
				A6AB33242A7D918E00E0D3D1 /* SignInViewController.swift */,
				A65F52962A7E577200EC2680 /* SignUpViewController.swift */,
				A65F52982A7EC68F00EC2680 /* AccountVerificationViewController.swift */,
				A65F529A2A7EC9BF00EC2680 /* HomeViewController.swift */,
				A6D59CCD2A80794000D8C25B /* CategoryViewController.swift */,
			);
			path = Controllers;
			sourceTree = "<group>";
		};
/* End PBXGroup section */

/* Begin PBXNativeTarget section */
		A6AB33092A7D8D6300E0D3D1 /* iStore */ = {
			isa = PBXNativeTarget;
			buildConfigurationList = A6AB331E2A7D8D6500E0D3D1 /* Build configuration list for PBXNativeTarget "iStore" */;
			buildPhases = (
				A6AB33062A7D8D6300E0D3D1 /* Sources */,
				A6AB33072A7D8D6300E0D3D1 /* Frameworks */,
				A6AB33082A7D8D6300E0D3D1 /* Resources */,
			);
			buildRules = (
			);
			dependencies = (
			);
			name = iStore;
			productName = iStore;
			productReference = A6AB330A2A7D8D6300E0D3D1 /* iStore.app */;
			productType = "com.apple.product-type.application";
		};
/* End PBXNativeTarget section */

/* Begin PBXProject section */
		A6AB33022A7D8D6300E0D3D1 /* Project object */ = {
			isa = PBXProject;
			attributes = {
				BuildIndependentTargetsInParallel = 1;
				LastSwiftUpdateCheck = 1430;
				LastUpgradeCheck = 1430;
				TargetAttributes = {
					A6AB33092A7D8D6300E0D3D1 = {
						CreatedOnToolsVersion = 14.3.1;
					};
				};
			};
			buildConfigurationList = A6AB33052A7D8D6300E0D3D1 /* Build configuration list for PBXProject "iStore" */;
			compatibilityVersion = "Xcode 14.0";
			developmentRegion = en;
			hasScannedForEncodings = 0;
			knownRegions = (
				en,
				Base,
			);
			mainGroup = A6AB33012A7D8D6300E0D3D1;
			productRefGroup = A6AB330B2A7D8D6300E0D3D1 /* Products */;
			projectDirPath = "";
			projectRoot = "";
			targets = (
				A6AB33092A7D8D6300E0D3D1 /* iStore */,
			);
		};
/* End PBXProject section */

/* Begin PBXResourcesBuildPhase section */
		A6AB33082A7D8D6300E0D3D1 /* Resources */ = {
			isa = PBXResourcesBuildPhase;
			buildActionMask = 2147483647;
			files = (
				A65F529D2A7EDEBB00EC2680 /* Main.storyboard in Resources */,
				A65F52A12A7EFBE400EC2680 /* CategoryViewCell.xib in Resources */,
				A6AB331A2A7D8D6500E0D3D1 /* LaunchScreen.storyboard in Resources */,
				A64FB5A32A7FFAF500C5113A /* BestSellingViewCell.xib in Resources */,
				A6AB33172A7D8D6500E0D3D1 /* Assets.xcassets in Resources */,
				A6AB33152A7D8D6300E0D3D1 /* Auth.storyboard in Resources */,
			);
			runOnlyForDeploymentPostprocessing = 0;
		};
/* End PBXResourcesBuildPhase section */

/* Begin PBXSourcesBuildPhase section */
		A6AB33062A7D8D6300E0D3D1 /* Sources */ = {
			isa = PBXSourcesBuildPhase;
			buildActionMask = 2147483647;
			files = (
				A6AB33252A7D918E00E0D3D1 /* SignInViewController.swift in Sources */,
				A64FB5A62A8034F400C5113A /* ImageViewExtensions.swift in Sources */,
				A6AB330E2A7D8D6300E0D3D1 /* AppDelegate.swift in Sources */,
				A64FB59F2A7FFA0D00C5113A /* Product.swift in Sources */,
				A6D59CCE2A80794000D8C25B /* CategoryViewController.swift in Sources */,
				A64FB5A22A7FFAF500C5113A /* BestSellingViewCell.swift in Sources */,
				A65F52992A7EC68F00EC2680 /* AccountVerificationViewController.swift in Sources */,
				A6AB33102A7D8D6300E0D3D1 /* SceneDelegate.swift in Sources */,
				A65F529B2A7EC9BF00EC2680 /* HomeViewController.swift in Sources */,
				A65F52972A7E577200EC2680 /* SignUpViewController.swift in Sources */,
				A65F52A02A7EFBE400EC2680 /* CategoryViewCell.swift in Sources */,
				A64FB59D2A7FF57800C5113A /* Category.swift in Sources */,
			);
			runOnlyForDeploymentPostprocessing = 0;
		};
/* End PBXSourcesBuildPhase section */

/* Begin PBXVariantGroup section */
		A6AB33132A7D8D6300E0D3D1 /* Auth.storyboard */ = {
			isa = PBXVariantGroup;
			children = (
				A6AB33142A7D8D6300E0D3D1 /* Base */,
			);
			name = Auth.storyboard;
			sourceTree = "<group>";
		};
		A6AB33182A7D8D6500E0D3D1 /* LaunchScreen.storyboard */ = {
			isa = PBXVariantGroup;
			children = (
				A6AB33192A7D8D6500E0D3D1 /* Base */,
			);
			name = LaunchScreen.storyboard;
			sourceTree = "<group>";
		};
/* End PBXVariantGroup section */

/* Begin XCBuildConfiguration section */
		A6AB331C2A7D8D6500E0D3D1 /* Debug */ = {
			isa = XCBuildConfiguration;
			buildSettings = {
				ALWAYS_SEARCH_USER_PATHS = NO;
				CLANG_ANALYZER_NONNULL = YES;
				CLANG_ANALYZER_NUMBER_OBJECT_CONVERSION = YES_AGGRESSIVE;
				CLANG_CXX_LANGUAGE_STANDARD = "gnu++20";
				CLANG_ENABLE_MODULES = YES;
				CLANG_ENABLE_OBJC_ARC = YES;
				CLANG_ENABLE_OBJC_WEAK = YES;
				CLANG_WARN_BLOCK_CAPTURE_AUTORELEASING = YES;
				CLANG_WARN_BOOL_CONVERSION = YES;
				CLANG_WARN_COMMA = YES;
				CLANG_WARN_CONSTANT_CONVERSION = YES;
				CLANG_WARN_DEPRECATED_OBJC_IMPLEMENTATIONS = YES;
				CLANG_WARN_DIRECT_OBJC_ISA_USAGE = YES_ERROR;
				CLANG_WARN_DOCUMENTATION_COMMENTS = YES;
				CLANG_WARN_EMPTY_BODY = YES;
				CLANG_WARN_ENUM_CONVERSION = YES;
				CLANG_WARN_INFINITE_RECURSION = YES;
				CLANG_WARN_INT_CONVERSION = YES;
				CLANG_WARN_NON_LITERAL_NULL_CONVERSION = YES;
				CLANG_WARN_OBJC_IMPLICIT_RETAIN_SELF = YES;
				CLANG_WARN_OBJC_LITERAL_CONVERSION = YES;
				CLANG_WARN_OBJC_ROOT_CLASS = YES_ERROR;
				CLANG_WARN_QUOTED_INCLUDE_IN_FRAMEWORK_HEADER = YES;
				CLANG_WARN_RANGE_LOOP_ANALYSIS = YES;
				CLANG_WARN_STRICT_PROTOTYPES = YES;
				CLANG_WARN_SUSPICIOUS_MOVE = YES;
				CLANG_WARN_UNGUARDED_AVAILABILITY = YES_AGGRESSIVE;
				CLANG_WARN_UNREACHABLE_CODE = YES;
				CLANG_WARN__DUPLICATE_METHOD_MATCH = YES;
				COPY_PHASE_STRIP = NO;
				DEBUG_INFORMATION_FORMAT = dwarf;
				ENABLE_STRICT_OBJC_MSGSEND = YES;
				ENABLE_TESTABILITY = YES;
				GCC_C_LANGUAGE_STANDARD = gnu11;
				GCC_DYNAMIC_NO_PIC = NO;
				GCC_NO_COMMON_BLOCKS = YES;
				GCC_OPTIMIZATION_LEVEL = 0;
				GCC_PREPROCESSOR_DEFINITIONS = (
					"DEBUG=1",
					"$(inherited)",
				);
				GCC_WARN_64_TO_32_BIT_CONVERSION = YES;
				GCC_WARN_ABOUT_RETURN_TYPE = YES_ERROR;
				GCC_WARN_UNDECLARED_SELECTOR = YES;
				GCC_WARN_UNINITIALIZED_AUTOS = YES_AGGRESSIVE;
				GCC_WARN_UNUSED_FUNCTION = YES;
				GCC_WARN_UNUSED_VARIABLE = YES;
				IPHONEOS_DEPLOYMENT_TARGET = 16.4;
				MTL_ENABLE_DEBUG_INFO = INCLUDE_SOURCE;
				MTL_FAST_MATH = YES;
				ONLY_ACTIVE_ARCH = YES;
				SDKROOT = iphoneos;
				SWIFT_ACTIVE_COMPILATION_CONDITIONS = DEBUG;
				SWIFT_OPTIMIZATION_LEVEL = "-Onone";
			};
			name = Debug;
		};
		A6AB331D2A7D8D6500E0D3D1 /* Release */ = {
			isa = XCBuildConfiguration;
			buildSettings = {
				ALWAYS_SEARCH_USER_PATHS = NO;
				CLANG_ANALYZER_NONNULL = YES;
				CLANG_ANALYZER_NUMBER_OBJECT_CONVERSION = YES_AGGRESSIVE;
				CLANG_CXX_LANGUAGE_STANDARD = "gnu++20";
				CLANG_ENABLE_MODULES = YES;
				CLANG_ENABLE_OBJC_ARC = YES;
				CLANG_ENABLE_OBJC_WEAK = YES;
				CLANG_WARN_BLOCK_CAPTURE_AUTORELEASING = YES;
				CLANG_WARN_BOOL_CONVERSION = YES;
				CLANG_WARN_COMMA = YES;
				CLANG_WARN_CONSTANT_CONVERSION = YES;
				CLANG_WARN_DEPRECATED_OBJC_IMPLEMENTATIONS = YES;
				CLANG_WARN_DIRECT_OBJC_ISA_USAGE = YES_ERROR;
				CLANG_WARN_DOCUMENTATION_COMMENTS = YES;
				CLANG_WARN_EMPTY_BODY = YES;
				CLANG_WARN_ENUM_CONVERSION = YES;
				CLANG_WARN_INFINITE_RECURSION = YES;
				CLANG_WARN_INT_CONVERSION = YES;
				CLANG_WARN_NON_LITERAL_NULL_CONVERSION = YES;
				CLANG_WARN_OBJC_IMPLICIT_RETAIN_SELF = YES;
				CLANG_WARN_OBJC_LITERAL_CONVERSION = YES;
				CLANG_WARN_OBJC_ROOT_CLASS = YES_ERROR;
				CLANG_WARN_QUOTED_INCLUDE_IN_FRAMEWORK_HEADER = YES;
				CLANG_WARN_RANGE_LOOP_ANALYSIS = YES;
				CLANG_WARN_STRICT_PROTOTYPES = YES;
				CLANG_WARN_SUSPICIOUS_MOVE = YES;
				CLANG_WARN_UNGUARDED_AVAILABILITY = YES_AGGRESSIVE;
				CLANG_WARN_UNREACHABLE_CODE = YES;
				CLANG_WARN__DUPLICATE_METHOD_MATCH = YES;
				COPY_PHASE_STRIP = NO;
				DEBUG_INFORMATION_FORMAT = "dwarf-with-dsym";
				ENABLE_NS_ASSERTIONS = NO;
				ENABLE_STRICT_OBJC_MSGSEND = YES;
				GCC_C_LANGUAGE_STANDARD = gnu11;
				GCC_NO_COMMON_BLOCKS = YES;
				GCC_WARN_64_TO_32_BIT_CONVERSION = YES;
				GCC_WARN_ABOUT_RETURN_TYPE = YES_ERROR;
				GCC_WARN_UNDECLARED_SELECTOR = YES;
				GCC_WARN_UNINITIALIZED_AUTOS = YES_AGGRESSIVE;
				GCC_WARN_UNUSED_FUNCTION = YES;
				GCC_WARN_UNUSED_VARIABLE = YES;
				IPHONEOS_DEPLOYMENT_TARGET = 16.4;
				MTL_ENABLE_DEBUG_INFO = NO;
				MTL_FAST_MATH = YES;
				SDKROOT = iphoneos;
				SWIFT_COMPILATION_MODE = wholemodule;
				SWIFT_OPTIMIZATION_LEVEL = "-O";
				VALIDATE_PRODUCT = YES;
			};
			name = Release;
		};
		A6AB331F2A7D8D6500E0D3D1 /* Debug */ = {
			isa = XCBuildConfiguration;
			buildSettings = {
				ASSETCATALOG_COMPILER_APPICON_NAME = AppIcon;
				ASSETCATALOG_COMPILER_GLOBAL_ACCENT_COLOR_NAME = AccentColor;
				CODE_SIGN_STYLE = Automatic;
				CURRENT_PROJECT_VERSION = 1;
				DEVELOPMENT_TEAM = G87848M5ML;
				GENERATE_INFOPLIST_FILE = YES;
				INFOPLIST_FILE = iStore/Info.plist;
				INFOPLIST_KEY_UIApplicationSupportsIndirectInputEvents = YES;
				INFOPLIST_KEY_UILaunchStoryboardName = LaunchScreen;
				INFOPLIST_KEY_UIMainStoryboardFile = Main;
				INFOPLIST_KEY_UISupportedInterfaceOrientations_iPad = "UIInterfaceOrientationPortrait UIInterfaceOrientationPortraitUpsideDown UIInterfaceOrientationLandscapeLeft UIInterfaceOrientationLandscapeRight";
				INFOPLIST_KEY_UISupportedInterfaceOrientations_iPhone = "UIInterfaceOrientationPortrait UIInterfaceOrientationLandscapeLeft UIInterfaceOrientationLandscapeRight";
				LD_RUNPATH_SEARCH_PATHS = (
					"$(inherited)",
					"@executable_path/Frameworks",
				);
				MARKETING_VERSION = 1.0;
				PRODUCT_BUNDLE_IDENTIFIER = com.islmb.iStore;
				PRODUCT_NAME = "$(TARGET_NAME)";
				SWIFT_EMIT_LOC_STRINGS = YES;
				SWIFT_VERSION = 5.0;
				TARGETED_DEVICE_FAMILY = "1,2";
			};
			name = Debug;
		};
		A6AB33202A7D8D6500E0D3D1 /* Release */ = {
			isa = XCBuildConfiguration;
			buildSettings = {
				ASSETCATALOG_COMPILER_APPICON_NAME = AppIcon;
				ASSETCATALOG_COMPILER_GLOBAL_ACCENT_COLOR_NAME = AccentColor;
				CODE_SIGN_STYLE = Automatic;
				CURRENT_PROJECT_VERSION = 1;
				DEVELOPMENT_TEAM = G87848M5ML;
				GENERATE_INFOPLIST_FILE = YES;
				INFOPLIST_FILE = iStore/Info.plist;
				INFOPLIST_KEY_UIApplicationSupportsIndirectInputEvents = YES;
				INFOPLIST_KEY_UILaunchStoryboardName = LaunchScreen;
				INFOPLIST_KEY_UIMainStoryboardFile = Main;
				INFOPLIST_KEY_UISupportedInterfaceOrientations_iPad = "UIInterfaceOrientationPortrait UIInterfaceOrientationPortraitUpsideDown UIInterfaceOrientationLandscapeLeft UIInterfaceOrientationLandscapeRight";
				INFOPLIST_KEY_UISupportedInterfaceOrientations_iPhone = "UIInterfaceOrientationPortrait UIInterfaceOrientationLandscapeLeft UIInterfaceOrientationLandscapeRight";
				LD_RUNPATH_SEARCH_PATHS = (
					"$(inherited)",
					"@executable_path/Frameworks",
				);
				MARKETING_VERSION = 1.0;
				PRODUCT_BUNDLE_IDENTIFIER = com.islmb.iStore;
				PRODUCT_NAME = "$(TARGET_NAME)";
				SWIFT_EMIT_LOC_STRINGS = YES;
				SWIFT_VERSION = 5.0;
				TARGETED_DEVICE_FAMILY = "1,2";
			};
			name = Release;
		};
/* End XCBuildConfiguration section */

/* Begin XCConfigurationList section */
		A6AB33052A7D8D6300E0D3D1 /* Build configuration list for PBXProject "iStore" */ = {
			isa = XCConfigurationList;
			buildConfigurations = (
				A6AB331C2A7D8D6500E0D3D1 /* Debug */,
				A6AB331D2A7D8D6500E0D3D1 /* Release */,
			);
			defaultConfigurationIsVisible = 0;
			defaultConfigurationName = Release;
		};
		A6AB331E2A7D8D6500E0D3D1 /* Build configuration list for PBXNativeTarget "iStore" */ = {
			isa = XCConfigurationList;
			buildConfigurations = (
				A6AB331F2A7D8D6500E0D3D1 /* Debug */,
				A6AB33202A7D8D6500E0D3D1 /* Release */,
			);
			defaultConfigurationIsVisible = 0;
			defaultConfigurationName = Release;
		};
/* End XCConfigurationList section */
	};
	rootObject = A6AB33022A7D8D6300E0D3D1 /* Project object */;
}
